# THIS IS AN AUTOGENERATED FILE. DO NOT EDIT THIS FILE DIRECTLY.
# yarn lockfile v1


"@playwright/test@^1.49.1":
  version "1.49.1"
  resolved "https://registry.yarnpkg.com/@playwright/test/-/test-1.49.1.tgz#55fa360658b3187bfb6371e2f8a64f50ef80c827"
  integrity sha512-Ky+BVzPz8pL6PQxHqNRW1k3mIyv933LML7HktS8uik0bUXNCdPhoS/kLihiO1tMf/egaJb4IutXd7UywvXEW+g==
  dependencies:
    playwright "1.49.1"

dotenv@^16.3.1:
  version "16.4.7"
  resolved "https://registry.yarnpkg.com/dotenv/-/dotenv-16.4.7.tgz#0e20c5b82950140aa99be360a8a5f52335f53c26"
  integrity sha512-47qPchRCykZC03FhkYAhrvwU4xDBFIj1QPqaarj6mdM/hgUzfPHcpkHJOn3mJAufFeeAxAzeGsr5X0M4k6fLZQ==

fsevents@2.3.2:
  version "2.3.2"
  resolved "https://registry.yarnpkg.com/fsevents/-/fsevents-2.3.2.tgz#8a526f78b8fdf4623b709e0b975c52c24c02fd1a"
  integrity sha512-xiqMQR4xAeHTuB9uWm+fFRcIOgKBMiOBP+eXiyT7jsgVCq1bkVygt00oASowB7EdtpOHaaPgKt812P9ab+DDKA==

node-cron@^3.0.3:
  version "3.0.3"
  resolved "https://registry.yarnpkg.com/node-cron/-/node-cron-3.0.3.tgz#c4bc7173dd96d96c50bdb51122c64415458caff2"
  integrity sha512-dOal67//nohNgYWb+nWmg5dkFdIwDm8EpeGYMekPMrngV3637lqnX0lbUcCtgibHTz6SEz7DAIjKvKDFYCnO1A==
  dependencies:
    uuid "8.3.2"

playwright-core@1.49.1:
  version "1.49.1"
  resolved "https://registry.yarnpkg.com/playwright-core/-/playwright-core-1.49.1.tgz#32c62f046e950f586ff9e35ed490a424f2248015"
  integrity sha512-BzmpVcs4kE2CH15rWfzpjzVGhWERJfmnXmniSyKeRZUs9Ws65m+RGIi7mjJK/euCegfn3i7jvqWeWyHe9y3Vgg==

playwright@1.49.1, playwright@^1.40.0:
  version "1.49.1"
  resolved "https://registry.yarnpkg.com/playwright/-/playwright-1.49.1.tgz#830266dbca3008022afa7b4783565db9944ded7c"
  integrity sha512-VYL8zLoNTBxVOrJBbDuRgDWa3i+mfQgDTrL8Ah9QXZ7ax4Dsj0MSq5bYgytRnDVVe+njoKnfsYkH3HzqVj5UZA==
  dependencies:
    playwright-core "1.49.1"
  optionalDependencies:
    fsevents "2.3.2"

uuid@8.3.2:
  version "8.3.2"
  resolved "https://registry.yarnpkg.com/uuid/-/uuid-8.3.2.tgz#80d5b5ced271bb9af6c445f21a1a04c606cefbe2"
  integrity sha512-+NYs2QeMWy+GWFOEm9xnn6HCDp0l7QBD7ml8zLUmJ+93Q5NF0NocErnwkTkXVFNiX3/fpC6afS8Dhb/gz7R7eg==
